dependencies:
- name: cert-manager
  repository: https://charts.jetstack.io
  version: v1.11.0
- name: postgresql
  repository: https://charts.bitnami.com/bitnami
  version: 12.1.14
- name: emqx-operator
  repository: https://repos.emqx.io/charts
  version: 1.0.11-ecp.7
- name: edge-operator
  repository: https://repos.emqx.io/charts
  version: 0.0.5
- name: telegraf-operator
  repository: https://helm.influxdata.com
  version: 1.3.10
digest: sha256:e5e4c52dcfd314397d01986527607c911607844cb91e6a6538105d7b65744c62
generated: "2023-10-24T09:48:45.475166+08:00"
